
Microsoft Visual Studio Solution File, Format Version 12.00
# Visual Studio Version 17
VisualStudioVersion = 17.8.34511.84
MinimumVisualStudioVersion = 10.0.40219.1
Project("{2150E333-8FDC-42A3-9474-1A3956D46DE8}") = "Src", "Src", "{09C74CB7-719A-4F67-AB14-74BA40B981E3}"
EndProject
Project("{2150E333-8FDC-42A3-9474-1A3956D46DE8}") = "Tests", "Tests", "{10BC0B5B-0082-44F7-8500-CB108DF484C3}"
EndProject
Project("{2150E333-8FDC-42A3-9474-1A3956D46DE8}") = "Infrastructure", "Infrastructure", "{B9F26F94-5AEE-489C-966B-430DE14E6881}"
EndProject
Project("{FAE04EC0-301F-11D3-BF4B-00C04F79EFBC}") = "Kafka", "src\Kafka\Kafka.csproj", "{2523787E-A753-4F9E-97ED-98341AECE43C}"
EndProject
Project("{2150E333-8FDC-42A3-9474-1A3956D46DE8}") = "Infrastructure", "Infrastructure", "{E4EAC316-FD37-415D-B0E8-FA69D9E4B97F}"
EndProject
Project("{FAE04EC0-301F-11D3-BF4B-00C04F79EFBC}") = "KafkaTests", "tests\KafkaTests\KafkaTests.csproj", "{A05B8829-E42D-41AD-97EE-E58F9C29450B}"
EndProject
Global
	GlobalSection(SolutionConfigurationPlatforms) = preSolution
		Debug|Any CPU = Debug|Any CPU
		Release|Any CPU = Release|Any CPU
	EndGlobalSection
	GlobalSection(ProjectConfigurationPlatforms) = postSolution
		{2523787E-A753-4F9E-97ED-98341AECE43C}.Debug|Any CPU.ActiveCfg = Debug|Any CPU
		{2523787E-A753-4F9E-97ED-98341AECE43C}.Debug|Any CPU.Build.0 = Debug|Any CPU
		{2523787E-A753-4F9E-97ED-98341AECE43C}.Release|Any CPU.ActiveCfg = Release|Any CPU
		{2523787E-A753-4F9E-97ED-98341AECE43C}.Release|Any CPU.Build.0 = Release|Any CPU
		{A05B8829-E42D-41AD-97EE-E58F9C29450B}.Debug|Any CPU.ActiveCfg = Debug|Any CPU
		{A05B8829-E42D-41AD-97EE-E58F9C29450B}.Debug|Any CPU.Build.0 = Debug|Any CPU
		{A05B8829-E42D-41AD-97EE-E58F9C29450B}.Release|Any CPU.ActiveCfg = Release|Any CPU
		{A05B8829-E42D-41AD-97EE-E58F9C29450B}.Release|Any CPU.Build.0 = Release|Any CPU
	EndGlobalSection
	GlobalSection(SolutionProperties) = preSolution
		HideSolutionNode = FALSE
	EndGlobalSection
	GlobalSection(NestedProjects) = preSolution
		{B9F26F94-5AEE-489C-966B-430DE14E6881} = {09C74CB7-719A-4F67-AB14-74BA40B981E3}
		{2523787E-A753-4F9E-97ED-98341AECE43C} = {B9F26F94-5AEE-489C-966B-430DE14E6881}
		{E4EAC316-FD37-415D-B0E8-FA69D9E4B97F} = {10BC0B5B-0082-44F7-8500-CB108DF484C3}
		{A05B8829-E42D-41AD-97EE-E58F9C29450B} = {E4EAC316-FD37-415D-B0E8-FA69D9E4B97F}
	EndGlobalSection
	GlobalSection(ExtensibilityGlobals) = postSolution
		SolutionGuid = {ABD3498A-5C1E-45B0-B5F3-436DE7C8144B}
	EndGlobalSection
EndGlobal
